
Microsoft Visual Studio Solution File, Format Version 12.00
# Visual Studio Version 17
VisualStudioVersion = 17.14.36408.4 d17.14
MinimumVisualStudioVersion = 10.0.40219.1
Project("{8BC9CEB8-8B4A-11D0-8D11-00A0C91BC942}") = "ConsoleApplicationCppPrime", "ConsoleApplicationCppPrime\ConsoleApplicationCppPrime.vcxproj", "{917B0569-3464-4F90-BAFB-D4DCBFC5B43A}"
EndProject
Global
	GlobalSection(SolutionConfigurationPlatforms) = preSolution
		Debug|x64 = Debug|x64
		Debug|x86 = Debug|x86
		Release|x64 = Release|x64
		Release|x86 = Release|x86
	EndGlobalSection
	GlobalSection(ProjectConfigurationPlatforms) = postSolution
		{917B0569-3464-4F90-BAFB-D4DCBFC5B43A}.Debug|x64.ActiveCfg = Debug|x64
		{917B0569-3464-4F90-BAFB-D4DCBFC5B43A}.Debug|x64.Build.0 = Debug|x64
		{917B0569-3464-4F90-BAFB-D4DCBFC5B43A}.Debug|x86.ActiveCfg = Debug|Win32
		{917B0569-3464-4F90-BAFB-D4DCBFC5B43A}.Debug|x86.Build.0 = Debug|Win32
		{917B0569-3464-4F90-BAFB-D4DCBFC5B43A}.Release|x64.ActiveCfg = Release|x64
		{917B0569-3464-4F90-BAFB-D4DCBFC5B43A}.Release|x64.Build.0 = Release|x64
		{917B0569-3464-4F90-BAFB-D4DCBFC5B43A}.Release|x86.ActiveCfg = Release|Win32
		{917B0569-3464-4F90-BAFB-D4DCBFC5B43A}.Release|x86.Build.0 = Release|Win32
	EndGlobalSection
	GlobalSection(SolutionProperties) = preSolution
		HideSolutionNode = FALSE
	EndGlobalSection
	GlobalSection(ExtensibilityGlobals) = postSolution
		SolutionGuid = {353AE61B-8F1B-4947-8E99-DF5C27824AA9}
	EndGlobalSection
EndGlobal
